
Microsoft Visual Studio Solution File, Format Version 12.00
# Visual Studio Version 16
VisualStudioVersion = 16.0.29025.244
MinimumVisualStudioVersion = 10.0.40219.1
Project("{9A19103F-16F7-4668-BE54-9A1E7A4F7556}") = "FastExtractDocumentMetadata", "FastExtractDocumentMetadata\FastExtractDocumentMetadata.csproj", "{EB3EFC4F-C8AE-4E88-A8D8-6F132B5EAFF7}"
EndProject
Project("{9A19103F-16F7-4668-BE54-9A1E7A4F7556}") = "ContractExtractor.GUI", "ContractExtractor.GUI\ContractExtractor.GUI.csproj", "{AAD37D04-703D-49C7-9771-50142D9A0BA3}"
EndProject
Project("{9A19103F-16F7-4668-BE54-9A1E7A4F7556}") = "ContractExtractor", "ContractExtractor\ContractExtractor.csproj", "{6E6B6730-56DE-4BEC-94CF-72B0C85E394D}"
EndProject
Project("{9A19103F-16F7-4668-BE54-9A1E7A4F7556}") = "FastExtractorTest", "FastExtractorTest\FastExtractorTest.csproj", "{DA6DD8E7-262C-41AE-BF74-DD7836CAF611}"
EndProject
Project("{FAE04EC0-301F-11D3-BF4B-00C04F79EFBC}") = "FastExtractor.Web", "FastExtractor.Web\FastExtractor.Web.csproj", "{A9276A7F-A57C-4D78-B4CC-D39F602383E9}"
EndProject
Global
	GlobalSection(SolutionConfigurationPlatforms) = preSolution
		Debug|Any CPU = Debug|Any CPU
		Release|Any CPU = Release|Any CPU
	EndGlobalSection
	GlobalSection(ProjectConfigurationPlatforms) = postSolution
		{EB3EFC4F-C8AE-4E88-A8D8-6F132B5EAFF7}.Debug|Any CPU.ActiveCfg = Debug|Any CPU
		{EB3EFC4F-C8AE-4E88-A8D8-6F132B5EAFF7}.Debug|Any CPU.Build.0 = Debug|Any CPU
		{EB3EFC4F-C8AE-4E88-A8D8-6F132B5EAFF7}.Release|Any CPU.ActiveCfg = Release|Any CPU
		{EB3EFC4F-C8AE-4E88-A8D8-6F132B5EAFF7}.Release|Any CPU.Build.0 = Release|Any CPU
		{AAD37D04-703D-49C7-9771-50142D9A0BA3}.Debug|Any CPU.ActiveCfg = Debug|Any CPU
		{AAD37D04-703D-49C7-9771-50142D9A0BA3}.Debug|Any CPU.Build.0 = Debug|Any CPU
		{AAD37D04-703D-49C7-9771-50142D9A0BA3}.Release|Any CPU.ActiveCfg = Release|Any CPU
		{AAD37D04-703D-49C7-9771-50142D9A0BA3}.Release|Any CPU.Build.0 = Release|Any CPU
		{6E6B6730-56DE-4BEC-94CF-72B0C85E394D}.Debug|Any CPU.ActiveCfg = Debug|Any CPU
		{6E6B6730-56DE-4BEC-94CF-72B0C85E394D}.Debug|Any CPU.Build.0 = Debug|Any CPU
		{6E6B6730-56DE-4BEC-94CF-72B0C85E394D}.Release|Any CPU.ActiveCfg = Release|Any CPU
		{6E6B6730-56DE-4BEC-94CF-72B0C85E394D}.Release|Any CPU.Build.0 = Release|Any CPU
		{DA6DD8E7-262C-41AE-BF74-DD7836CAF611}.Debug|Any CPU.ActiveCfg = Debug|Any CPU
		{DA6DD8E7-262C-41AE-BF74-DD7836CAF611}.Debug|Any CPU.Build.0 = Debug|Any CPU
		{DA6DD8E7-262C-41AE-BF74-DD7836CAF611}.Release|Any CPU.ActiveCfg = Release|Any CPU
		{DA6DD8E7-262C-41AE-BF74-DD7836CAF611}.Release|Any CPU.Build.0 = Release|Any CPU
		{A9276A7F-A57C-4D78-B4CC-D39F602383E9}.Debug|Any CPU.ActiveCfg = Debug|Any CPU
		{A9276A7F-A57C-4D78-B4CC-D39F602383E9}.Debug|Any CPU.Build.0 = Debug|Any CPU
		{A9276A7F-A57C-4D78-B4CC-D39F602383E9}.Release|Any CPU.ActiveCfg = Release|Any CPU
		{A9276A7F-A57C-4D78-B4CC-D39F602383E9}.Release|Any CPU.Build.0 = Release|Any CPU
	EndGlobalSection
	GlobalSection(SolutionProperties) = preSolution
		HideSolutionNode = FALSE
	EndGlobalSection
	GlobalSection(ExtensibilityGlobals) = postSolution
		SolutionGuid = {123D9F65-FA0B-46AB-8D0F-8F43B9B8A83A}
	EndGlobalSection
EndGlobal
