
Microsoft Visual Studio Solution File, Format Version 12.00
# Visual Studio Version 16
VisualStudioVersion = 16.0.29326.143
MinimumVisualStudioVersion = 10.0.40219.1
Project("{9A19103F-16F7-4668-BE54-9A1E7A4F7556}") = "FastExtractDocumentMetadata", "FastExtractDocumentMetadata\FastExtractDocumentMetadata.csproj", "{A2C9247E-02A3-496F-885D-87A6429A3952}"
EndProject
Project("{FAE04EC0-301F-11D3-BF4B-00C04F79EFBC}") = "ContractExtractor", "ContractExtractor\ContractExtractor.csproj", "{4ED7F5E6-7595-4A65-A411-54743E9A373D}"
EndProject
Global
	GlobalSection(SolutionConfigurationPlatforms) = preSolution
		Debug|Any CPU = Debug|Any CPU
		Release|Any CPU = Release|Any CPU
	EndGlobalSection
	GlobalSection(ProjectConfigurationPlatforms) = postSolution
		{A2C9247E-02A3-496F-885D-87A6429A3952}.Debug|Any CPU.ActiveCfg = Debug|Any CPU
		{A2C9247E-02A3-496F-885D-87A6429A3952}.Debug|Any CPU.Build.0 = Debug|Any CPU
		{A2C9247E-02A3-496F-885D-87A6429A3952}.Release|Any CPU.ActiveCfg = Release|Any CPU
		{A2C9247E-02A3-496F-885D-87A6429A3952}.Release|Any CPU.Build.0 = Release|Any CPU
		{4ED7F5E6-7595-4A65-A411-54743E9A373D}.Debug|Any CPU.ActiveCfg = Debug|Any CPU
		{4ED7F5E6-7595-4A65-A411-54743E9A373D}.Debug|Any CPU.Build.0 = Debug|Any CPU
		{4ED7F5E6-7595-4A65-A411-54743E9A373D}.Release|Any CPU.ActiveCfg = Release|Any CPU
		{4ED7F5E6-7595-4A65-A411-54743E9A373D}.Release|Any CPU.Build.0 = Release|Any CPU
	EndGlobalSection
	GlobalSection(SolutionProperties) = preSolution
		HideSolutionNode = FALSE
	EndGlobalSection
	GlobalSection(ExtensibilityGlobals) = postSolution
		SolutionGuid = {C43ADCDF-B72F-4A8A-8779-219758FA17FB}
	EndGlobalSection
EndGlobal
